
Microsoft Visual Studio Solution File, Format Version 11.00
# Visual Studio 2010
Project("{FAE04EC0-301F-11D3-BF4B-00C04F79EFBC}") = "KeekDownloader", "KeekDownloader\KeekDownloader.csproj", "{B02CEFF2-CE7D-436A-9716-E2AAD6047102}"
EndProject
Global
	GlobalSection(SolutionConfigurationPlatforms) = preSolution
		Debug|x86 = Debug|x86
		Release|x86 = Release|x86
	EndGlobalSection
	GlobalSection(ProjectConfigurationPlatforms) = postSolution
		{B02CEFF2-CE7D-436A-9716-E2AAD6047102}.Debug|x86.ActiveCfg = Debug|x86
		{B02CEFF2-CE7D-436A-9716-E2AAD6047102}.Debug|x86.Build.0 = Debug|x86
		{B02CEFF2-CE7D-436A-9716-E2AAD6047102}.Release|x86.ActiveCfg = Release|x86
		{B02CEFF2-CE7D-436A-9716-E2AAD6047102}.Release|x86.Build.0 = Release|x86
	EndGlobalSection
	GlobalSection(SolutionProperties) = preSolution
		HideSolutionNode = FALSE
	EndGlobalSection
EndGlobal
